Microsoft Visual Studio Solution File, Format Version 12.00
# Visual Studio Version 17
VisualStudioVersion = 17.5.2.0
MinimumVisualStudioVersion = 10.0.40219.1
Project("{FAE04EC0-301F-11D3-BF4B-00C04F79EFBC}") = "SimplePigLatin", "SimplePigLatin\SimplePigLatin.csproj", "{B102380C-881F-186E-4E92-497810E469D9}"
EndProject
Project("{FAE04EC0-301F-11D3-BF4B-00C04F79EFBC}") = "SimplePigLatin.Tests", "SimplePigLatin.Tests\SimplePigLatin.Tests.csproj", "{E1358927-25E7-DD78-54C7-B0EE20E3E8A4}"
EndProject
Global
	GlobalSection(SolutionConfigurationPlatforms) = preSolution
		Debug|Any CPU = Debug|Any CPU
		Release|Any CPU = Release|Any CPU
	EndGlobalSection
	GlobalSection(ProjectConfigurationPlatforms) = postSolution
		{B102380C-881F-186E-4E92-497810E469D9}.Debug|Any CPU.ActiveCfg = Debug|Any CPU
		{B102380C-881F-186E-4E92-497810E469D9}.Debug|Any CPU.Build.0 = Debug|Any CPU
		{B102380C-881F-186E-4E92-497810E469D9}.Release|Any CPU.ActiveCfg = Release|Any CPU
		{B102380C-881F-186E-4E92-497810E469D9}.Release|Any CPU.Build.0 = Release|Any CPU
		{E1358927-25E7-DD78-54C7-B0EE20E3E8A4}.Debug|Any CPU.ActiveCfg = Debug|Any CPU
		{E1358927-25E7-DD78-54C7-B0EE20E3E8A4}.Debug|Any CPU.Build.0 = Debug|Any CPU
		{E1358927-25E7-DD78-54C7-B0EE20E3E8A4}.Release|Any CPU.ActiveCfg = Release|Any CPU
		{E1358927-25E7-DD78-54C7-B0EE20E3E8A4}.Release|Any CPU.Build.0 = Release|Any CPU
	EndGlobalSection
	GlobalSection(SolutionProperties) = preSolution
		HideSolutionNode = FALSE
	EndGlobalSection
	GlobalSection(ExtensibilityGlobals) = postSolution
		SolutionGuid = {D92BC1F1-BD53-41CB-876C-45FBB909119B}
	EndGlobalSection
EndGlobal
