Microsoft Visual Studio Solution File, Format Version 12.00
# Visual Studio Version 17
VisualStudioVersion = 17.5.2.0
MinimumVisualStudioVersion = 10.0.40219.1
Project("{FAE04EC0-301F-11D3-BF4B-00C04F79EFBC}") = "RomanNumeralsHelper", "RomanNumeralsHelper\RomanNumeralsHelper.csproj", "{DAA56FD5-6E0E-71E5-54B5-58C021CC40DC}"
EndProject
Project("{FAE04EC0-301F-11D3-BF4B-00C04F79EFBC}") = "RomanNumeralsHelper.Tests", "RomanNumeralsHelper.Tests\RomanNumeralsHelper.Tests.csproj", "{F5395F75-ACE8-6C34-91B5-FD89D5BABBD6}"
EndProject
Global
	GlobalSection(SolutionConfigurationPlatforms) = preSolution
		Debug|Any CPU = Debug|Any CPU
		Release|Any CPU = Release|Any CPU
	EndGlobalSection
	GlobalSection(ProjectConfigurationPlatforms) = postSolution
		{DAA56FD5-6E0E-71E5-54B5-58C021CC40DC}.Debug|Any CPU.ActiveCfg = Debug|Any CPU
		{DAA56FD5-6E0E-71E5-54B5-58C021CC40DC}.Debug|Any CPU.Build.0 = Debug|Any CPU
		{DAA56FD5-6E0E-71E5-54B5-58C021CC40DC}.Release|Any CPU.ActiveCfg = Release|Any CPU
		{DAA56FD5-6E0E-71E5-54B5-58C021CC40DC}.Release|Any CPU.Build.0 = Release|Any CPU
		{F5395F75-ACE8-6C34-91B5-FD89D5BABBD6}.Debug|Any CPU.ActiveCfg = Debug|Any CPU
		{F5395F75-ACE8-6C34-91B5-FD89D5BABBD6}.Debug|Any CPU.Build.0 = Debug|Any CPU
		{F5395F75-ACE8-6C34-91B5-FD89D5BABBD6}.Release|Any CPU.ActiveCfg = Release|Any CPU
		{F5395F75-ACE8-6C34-91B5-FD89D5BABBD6}.Release|Any CPU.Build.0 = Release|Any CPU
	EndGlobalSection
	GlobalSection(SolutionProperties) = preSolution
		HideSolutionNode = FALSE
	EndGlobalSection
	GlobalSection(ExtensibilityGlobals) = postSolution
		SolutionGuid = {D4823F51-2198-4C68-BCA1-8E00C19A9679}
	EndGlobalSection
EndGlobal
