Microsoft Visual Studio Solution File, Format Version 12.00
# Visual Studio Version 17
VisualStudioVersion = 17.5.2.0
MinimumVisualStudioVersion = 10.0.40219.1
Project("{FAE04EC0-301F-11D3-BF4B-00C04F79EFBC}") = "SoManyPermutations", "SoManyPermutations\SoManyPermutations.csproj", "{7177803F-9C5C-A1E8-5869-A1F611938684}"
EndProject
Project("{FAE04EC0-301F-11D3-BF4B-00C04F79EFBC}") = "SoManyPermutations.Tests", "SoManyPermutations.Tests\SoManyPermutations.Tests.csproj", "{9F49C872-C11E-A63B-FB27-A9A01B92A18A}"
EndProject
Global
	GlobalSection(SolutionConfigurationPlatforms) = preSolution
		Debug|Any CPU = Debug|Any CPU
		Release|Any CPU = Release|Any CPU
	EndGlobalSection
	GlobalSection(ProjectConfigurationPlatforms) = postSolution
		{7177803F-9C5C-A1E8-5869-A1F611938684}.Debug|Any CPU.ActiveCfg = Debug|Any CPU
		{7177803F-9C5C-A1E8-5869-A1F611938684}.Debug|Any CPU.Build.0 = Debug|Any CPU
		{7177803F-9C5C-A1E8-5869-A1F611938684}.Release|Any CPU.ActiveCfg = Release|Any CPU
		{7177803F-9C5C-A1E8-5869-A1F611938684}.Release|Any CPU.Build.0 = Release|Any CPU
		{9F49C872-C11E-A63B-FB27-A9A01B92A18A}.Debug|Any CPU.ActiveCfg = Debug|Any CPU
		{9F49C872-C11E-A63B-FB27-A9A01B92A18A}.Debug|Any CPU.Build.0 = Debug|Any CPU
		{9F49C872-C11E-A63B-FB27-A9A01B92A18A}.Release|Any CPU.ActiveCfg = Release|Any CPU
		{9F49C872-C11E-A63B-FB27-A9A01B92A18A}.Release|Any CPU.Build.0 = Release|Any CPU
	EndGlobalSection
	GlobalSection(SolutionProperties) = preSolution
		HideSolutionNode = FALSE
	EndGlobalSection
	GlobalSection(ExtensibilityGlobals) = postSolution
		SolutionGuid = {D1826A67-10B9-425E-AECE-B23280070BED}
	EndGlobalSection
EndGlobal
