Microsoft Visual Studio Solution File, Format Version 12.00
# Visual Studio Version 17
VisualStudioVersion = 17.5.2.0
MinimumVisualStudioVersion = 10.0.40219.1
Project("{FAE04EC0-301F-11D3-BF4B-00C04F79EFBC}") = "MaxSequence", "MaxSequence\MaxSequence.csproj", "{4F955EBF-128A-19D1-CB56-E4C3C90643FA}"
EndProject
Project("{FAE04EC0-301F-11D3-BF4B-00C04F79EFBC}") = "MaxSequence.Test", "MaxSequence.Test\MaxSequence.Test.csproj", "{1F6716D0-4E90-9207-74E4-E0F8A6815808}"
EndProject
Global
	GlobalSection(SolutionConfigurationPlatforms) = preSolution
		Debug|Any CPU = Debug|Any CPU
		Release|Any CPU = Release|Any CPU
	EndGlobalSection
	GlobalSection(ProjectConfigurationPlatforms) = postSolution
		{4F955EBF-128A-19D1-CB56-E4C3C90643FA}.Debug|Any CPU.ActiveCfg = Debug|Any CPU
		{4F955EBF-128A-19D1-CB56-E4C3C90643FA}.Debug|Any CPU.Build.0 = Debug|Any CPU
		{4F955EBF-128A-19D1-CB56-E4C3C90643FA}.Release|Any CPU.ActiveCfg = Release|Any CPU
		{4F955EBF-128A-19D1-CB56-E4C3C90643FA}.Release|Any CPU.Build.0 = Release|Any CPU
		{1F6716D0-4E90-9207-74E4-E0F8A6815808}.Debug|Any CPU.ActiveCfg = Debug|Any CPU
		{1F6716D0-4E90-9207-74E4-E0F8A6815808}.Debug|Any CPU.Build.0 = Debug|Any CPU
		{1F6716D0-4E90-9207-74E4-E0F8A6815808}.Release|Any CPU.ActiveCfg = Release|Any CPU
		{1F6716D0-4E90-9207-74E4-E0F8A6815808}.Release|Any CPU.Build.0 = Release|Any CPU
	EndGlobalSection
	GlobalSection(SolutionProperties) = preSolution
		HideSolutionNode = FALSE
	EndGlobalSection
	GlobalSection(ExtensibilityGlobals) = postSolution
		SolutionGuid = {D86BA4A9-096C-41E1-A5AC-CEDE0D4D1E32}
	EndGlobalSection
EndGlobal
