Microsoft Visual Studio Solution File, Format Version 12.00
# Visual Studio Version 17
VisualStudioVersion = 17.5.2.0
MinimumVisualStudioVersion = 10.0.40219.1
Project("{FAE04EC0-301F-11D3-BF4B-00C04F79EFBC}") = "MatrixDeterminant", "MatrixDeterminant\MatrixDeterminant.csproj", "{776E855E-C17F-04A7-37E1-B8C4A5082860}"
EndProject
Project("{FAE04EC0-301F-11D3-BF4B-00C04F79EFBC}") = "MatrixDeterminant.Tests", "MatrixDeterminant.Tests\MatrixDeterminant.Tests.csproj", "{A040C59F-3A0D-90CB-2FA3-30BEEAA921A3}"
EndProject
Global
	GlobalSection(SolutionConfigurationPlatforms) = preSolution
		Debug|Any CPU = Debug|Any CPU
		Release|Any CPU = Release|Any CPU
	EndGlobalSection
	GlobalSection(ProjectConfigurationPlatforms) = postSolution
		{776E855E-C17F-04A7-37E1-B8C4A5082860}.Debug|Any CPU.ActiveCfg = Debug|Any CPU
		{776E855E-C17F-04A7-37E1-B8C4A5082860}.Debug|Any CPU.Build.0 = Debug|Any CPU
		{776E855E-C17F-04A7-37E1-B8C4A5082860}.Release|Any CPU.ActiveCfg = Release|Any CPU
		{776E855E-C17F-04A7-37E1-B8C4A5082860}.Release|Any CPU.Build.0 = Release|Any CPU
		{A040C59F-3A0D-90CB-2FA3-30BEEAA921A3}.Debug|Any CPU.ActiveCfg = Debug|Any CPU
		{A040C59F-3A0D-90CB-2FA3-30BEEAA921A3}.Debug|Any CPU.Build.0 = Debug|Any CPU
		{A040C59F-3A0D-90CB-2FA3-30BEEAA921A3}.Release|Any CPU.ActiveCfg = Release|Any CPU
		{A040C59F-3A0D-90CB-2FA3-30BEEAA921A3}.Release|Any CPU.Build.0 = Release|Any CPU
	EndGlobalSection
	GlobalSection(SolutionProperties) = preSolution
		HideSolutionNode = FALSE
	EndGlobalSection
	GlobalSection(ExtensibilityGlobals) = postSolution
		SolutionGuid = {C110F85C-11F8-46BA-BD7D-1448F1255459}
	EndGlobalSection
EndGlobal
